
Microsoft Visual Studio Solution File, Format Version 12.00
# Visual Studio Version 17
VisualStudioVersion = 17.13.35825.156
MinimumVisualStudioVersion = 10.0.40219.1
Project("{FAE04EC0-301F-11D3-BF4B-00C04F79EFBC}") = "Request Refill", "Request Refill\Request Refill.csproj", "{8E12C380-F11E-4BDD-839A-0B1372591405}"
EndProject
Project("{FAE04EC0-301F-11D3-BF4B-00C04F79EFBC}") = "TerminalSiteView", "TerminalSiteView\TerminalSiteView.csproj", "{C6B5482F-4ED5-42EA-B53F-0214C311E217}"
EndProject
Global
	GlobalSection(SolutionConfigurationPlatforms) = preSolution
		Debug|Any CPU = Debug|Any CPU
		Debug|ARM64 = Debug|ARM64
		Debug|x64 = Debug|x64
		Release|Any CPU = Release|Any CPU
		Release|ARM64 = Release|ARM64
		Release|x64 = Release|x64
	EndGlobalSection
	GlobalSection(ProjectConfigurationPlatforms) = postSolution
		{8E12C380-F11E-4BDD-839A-0B1372591405}.Debug|Any CPU.ActiveCfg = Debug|Any CPU
		{8E12C380-F11E-4BDD-839A-0B1372591405}.Debug|Any CPU.Build.0 = Debug|Any CPU
		{8E12C380-F11E-4BDD-839A-0B1372591405}.Debug|ARM64.ActiveCfg = Debug|Any CPU
		{8E12C380-F11E-4BDD-839A-0B1372591405}.Debug|ARM64.Build.0 = Debug|Any CPU
		{8E12C380-F11E-4BDD-839A-0B1372591405}.Debug|x64.ActiveCfg = Debug|Any CPU
		{8E12C380-F11E-4BDD-839A-0B1372591405}.Debug|x64.Build.0 = Debug|Any CPU
		{8E12C380-F11E-4BDD-839A-0B1372591405}.Release|Any CPU.ActiveCfg = Release|Any CPU
		{8E12C380-F11E-4BDD-839A-0B1372591405}.Release|Any CPU.Build.0 = Release|Any CPU
		{8E12C380-F11E-4BDD-839A-0B1372591405}.Release|ARM64.ActiveCfg = Release|Any CPU
		{8E12C380-F11E-4BDD-839A-0B1372591405}.Release|ARM64.Build.0 = Release|Any CPU
		{8E12C380-F11E-4BDD-839A-0B1372591405}.Release|x64.ActiveCfg = Release|Any CPU
		{8E12C380-F11E-4BDD-839A-0B1372591405}.Release|x64.Build.0 = Release|Any CPU
		{C6B5482F-4ED5-42EA-B53F-0214C311E217}.Debug|Any CPU.ActiveCfg = Debug|Any CPU
		{C6B5482F-4ED5-42EA-B53F-0214C311E217}.Debug|Any CPU.Build.0 = Debug|Any CPU
		{C6B5482F-4ED5-42EA-B53F-0214C311E217}.Debug|ARM64.ActiveCfg = Debug|Any CPU
		{C6B5482F-4ED5-42EA-B53F-0214C311E217}.Debug|ARM64.Build.0 = Debug|Any CPU
		{C6B5482F-4ED5-42EA-B53F-0214C311E217}.Debug|x64.ActiveCfg = Debug|Any CPU
		{C6B5482F-4ED5-42EA-B53F-0214C311E217}.Debug|x64.Build.0 = Debug|Any CPU
		{C6B5482F-4ED5-42EA-B53F-0214C311E217}.Release|Any CPU.ActiveCfg = Release|Any CPU
		{C6B5482F-4ED5-42EA-B53F-0214C311E217}.Release|Any CPU.Build.0 = Release|Any CPU
		{C6B5482F-4ED5-42EA-B53F-0214C311E217}.Release|ARM64.ActiveCfg = Release|Any CPU
		{C6B5482F-4ED5-42EA-B53F-0214C311E217}.Release|ARM64.Build.0 = Release|Any CPU
		{C6B5482F-4ED5-42EA-B53F-0214C311E217}.Release|x64.ActiveCfg = Release|Any CPU
		{C6B5482F-4ED5-42EA-B53F-0214C311E217}.Release|x64.Build.0 = Release|Any CPU
	EndGlobalSection
	GlobalSection(SolutionProperties) = preSolution
		HideSolutionNode = FALSE
	EndGlobalSection
	GlobalSection(ExtensibilityGlobals) = postSolution
		SolutionGuid = {66C3411A-E64E-480C-84C5-0AA0D4FD1FC6}
	EndGlobalSection
EndGlobal
